
Microsoft Visual Studio Solution File, Format Version 12.00
# Visual Studio Version 16
VisualStudioVersion = 25.0.1705.6
MinimumVisualStudioVersion = 10.0.40219.1
Project("{2150E333-8FDC-42A3-9474-1A3956D46DE8}") = "01 Framework 基础设施层", "01 Framework 基础设施层", "{956ABED4-87B9-420A-8676-073EB61B4329}"
EndProject
Project("{2150E333-8FDC-42A3-9474-1A3956D46DE8}") = "02 DataAccess数据库核心层", "02 DataAccess数据库核心层", "{C7EAEF54-4D89-44B2-B1CF-020EC01F52A4}"
EndProject
Project("{2150E333-8FDC-42A3-9474-1A3956D46DE8}") = "03 Business 业务逻辑层", "03 Business 业务逻辑层", "{115DCB2C-F1D5-4EBD-9853-3F7A996B257A}"
EndProject
Project("{2150E333-8FDC-42A3-9474-1A3956D46DE8}") = "04 Entity实体层", "04 Entity实体层", "{2A4A20D5-59E0-4B43-A72D-37684F864897}"
EndProject
Project("{2150E333-8FDC-42A3-9474-1A3956D46DE8}") = "05 Web前端", "05 Web前端", "{7C78A70B-648F-4C66-83F2-CC0635E3E8F4}"
EndProject
Project("{FAE04EC0-301F-11D3-BF4B-00C04F79EFBC}") = "YSFB.Entity", "YSFB.Entity\YSFB.Entity\YSBF.Entity\YSFB.Entity.csproj", "{C398D376-0844-46D8-AD09-1D35EEF06A3F}"
EndProject
Project("{FAE04EC0-301F-11D3-BF4B-00C04F79EFBC}") = "YSFB.Data.Repository", "YSFB.Data\YSFB.Data.Repository\YSFB.Data.Repository.csproj", "{3797279F-7C43-408F-BC83-97C756970777}"
EndProject
Project("{FAE04EC0-301F-11D3-BF4B-00C04F79EFBC}") = "YSFB.Data", "YSFB.Data\YSFB.Data\YSFB.Data.csproj", "{BE255CA2-0FED-4400-A849-FD368A103A03}"
EndProject
Project("{FAE04EC0-301F-11D3-BF4B-00C04F79EFBC}") = "YSFB.Util", "YSFB.Util\YSFB.Util\YSFB.Util.csproj", "{F4557F29-A8E5-4EF2-82AF-972B5986E123}"
EndProject
Global
	GlobalSection(SolutionConfigurationPlatforms) = preSolution
		Debug|Any CPU = Debug|Any CPU
		Release|Any CPU = Release|Any CPU
	EndGlobalSection
	GlobalSection(ProjectConfigurationPlatforms) = postSolution
		{C398D376-0844-46D8-AD09-1D35EEF06A3F}.Debug|Any CPU.ActiveCfg = Debug|Any CPU
		{C398D376-0844-46D8-AD09-1D35EEF06A3F}.Debug|Any CPU.Build.0 = Debug|Any CPU
		{C398D376-0844-46D8-AD09-1D35EEF06A3F}.Release|Any CPU.ActiveCfg = Release|Any CPU
		{C398D376-0844-46D8-AD09-1D35EEF06A3F}.Release|Any CPU.Build.0 = Release|Any CPU
		{C6B01586-5AE8-4FC4-9953-3502AE1FA77A}.Debug|Any CPU.ActiveCfg = Debug|Any CPU
		{C6B01586-5AE8-4FC4-9953-3502AE1FA77A}.Debug|Any CPU.Build.0 = Debug|Any CPU
		{C6B01586-5AE8-4FC4-9953-3502AE1FA77A}.Release|Any CPU.ActiveCfg = Release|Any CPU
		{C6B01586-5AE8-4FC4-9953-3502AE1FA77A}.Release|Any CPU.Build.0 = Release|Any CPU
		{3797279F-7C43-408F-BC83-97C756970777}.Debug|Any CPU.ActiveCfg = Debug|Any CPU
		{3797279F-7C43-408F-BC83-97C756970777}.Debug|Any CPU.Build.0 = Debug|Any CPU
		{3797279F-7C43-408F-BC83-97C756970777}.Release|Any CPU.ActiveCfg = Release|Any CPU
		{3797279F-7C43-408F-BC83-97C756970777}.Release|Any CPU.Build.0 = Release|Any CPU
		{BE255CA2-0FED-4400-A849-FD368A103A03}.Debug|Any CPU.ActiveCfg = Debug|Any CPU
		{BE255CA2-0FED-4400-A849-FD368A103A03}.Debug|Any CPU.Build.0 = Debug|Any CPU
		{BE255CA2-0FED-4400-A849-FD368A103A03}.Release|Any CPU.ActiveCfg = Release|Any CPU
		{BE255CA2-0FED-4400-A849-FD368A103A03}.Release|Any CPU.Build.0 = Release|Any CPU
		{F4557F29-A8E5-4EF2-82AF-972B5986E123}.Debug|Any CPU.ActiveCfg = Debug|Any CPU
		{F4557F29-A8E5-4EF2-82AF-972B5986E123}.Debug|Any CPU.Build.0 = Debug|Any CPU
		{F4557F29-A8E5-4EF2-82AF-972B5986E123}.Release|Any CPU.ActiveCfg = Release|Any CPU
		{F4557F29-A8E5-4EF2-82AF-972B5986E123}.Release|Any CPU.Build.0 = Release|Any CPU
	EndGlobalSection
	GlobalSection(SolutionProperties) = preSolution
		HideSolutionNode = FALSE
	EndGlobalSection
	GlobalSection(ExtensibilityGlobals) = postSolution
		SolutionGuid = {F50FEB43-F3E9-4CCD-BD88-C50F3F6755F0}
	EndGlobalSection
	GlobalSection(NestedProjects) = preSolution
		{C398D376-0844-46D8-AD09-1D35EEF06A3F} = {2A4A20D5-59E0-4B43-A72D-37684F864897}
		{C6B01586-5AE8-4FC4-9953-3502AE1FA77A} = {C7EAEF54-4D89-44B2-B1CF-020EC01F52A4}
		{3797279F-7C43-408F-BC83-97C756970777} = {C7EAEF54-4D89-44B2-B1CF-020EC01F52A4}
		{BE255CA2-0FED-4400-A849-FD368A103A03} = {C7EAEF54-4D89-44B2-B1CF-020EC01F52A4}
		{F4557F29-A8E5-4EF2-82AF-972B5986E123} = {956ABED4-87B9-420A-8676-073EB61B4329}
	EndGlobalSection
EndGlobal
